
Microsoft Visual Studio Solution File, Format Version 12.00
# Visual Studio 14
VisualStudioVersion = 14.0.24720.0
MinimumVisualStudioVersion = 10.0.40219.1
Project("{FAE04EC0-301F-11D3-BF4B-00C04F79EFBC}") = "Meizi", "Meizi\Meizi.csproj", "{A9BCFF86-8804-4D43-8AC3-3E1EF6D4BF1B}"
EndProject
Project("{FAE04EC0-301F-11D3-BF4B-00C04F79EFBC}") = "BackgroundTask", "BackgroundTask\BackgroundTask.csproj", "{22C7809F-F3A1-4589-B301-D15451D61113}"
EndProject
Project("{FAE04EC0-301F-11D3-BF4B-00C04F79EFBC}") = "DBHelper", "Dal\DBHelper.csproj", "{74047120-DBDC-4285-9065-4AAFD2154299}"
EndProject
Global
	GlobalSection(SolutionConfigurationPlatforms) = preSolution
		Debug|Any CPU = Debug|Any CPU
		Debug|ARM = Debug|ARM
		Debug|x64 = Debug|x64
		Debug|x86 = Debug|x86
		Release|Any CPU = Release|Any CPU
		Release|ARM = Release|ARM
		Release|x64 = Release|x64
		Release|x86 = Release|x86
	EndGlobalSection
	GlobalSection(ProjectConfigurationPlatforms) = postSolution
		{A9BCFF86-8804-4D43-8AC3-3E1EF6D4BF1B}.Debug|Any CPU.ActiveCfg = Debug|x86
		{A9BCFF86-8804-4D43-8AC3-3E1EF6D4BF1B}.Debug|ARM.ActiveCfg = Debug|ARM
		{A9BCFF86-8804-4D43-8AC3-3E1EF6D4BF1B}.Debug|ARM.Build.0 = Debug|ARM
		{A9BCFF86-8804-4D43-8AC3-3E1EF6D4BF1B}.Debug|ARM.Deploy.0 = Debug|ARM
		{A9BCFF86-8804-4D43-8AC3-3E1EF6D4BF1B}.Debug|x64.ActiveCfg = Debug|x64
		{A9BCFF86-8804-4D43-8AC3-3E1EF6D4BF1B}.Debug|x64.Build.0 = Debug|x64
		{A9BCFF86-8804-4D43-8AC3-3E1EF6D4BF1B}.Debug|x64.Deploy.0 = Debug|x64
		{A9BCFF86-8804-4D43-8AC3-3E1EF6D4BF1B}.Debug|x86.ActiveCfg = Debug|x86
		{A9BCFF86-8804-4D43-8AC3-3E1EF6D4BF1B}.Debug|x86.Build.0 = Debug|x86
		{A9BCFF86-8804-4D43-8AC3-3E1EF6D4BF1B}.Debug|x86.Deploy.0 = Debug|x86
		{A9BCFF86-8804-4D43-8AC3-3E1EF6D4BF1B}.Release|Any CPU.ActiveCfg = Release|x86
		{A9BCFF86-8804-4D43-8AC3-3E1EF6D4BF1B}.Release|ARM.ActiveCfg = Release|ARM
		{A9BCFF86-8804-4D43-8AC3-3E1EF6D4BF1B}.Release|ARM.Build.0 = Release|ARM
		{A9BCFF86-8804-4D43-8AC3-3E1EF6D4BF1B}.Release|ARM.Deploy.0 = Release|ARM
		{A9BCFF86-8804-4D43-8AC3-3E1EF6D4BF1B}.Release|x64.ActiveCfg = Release|x64
		{A9BCFF86-8804-4D43-8AC3-3E1EF6D4BF1B}.Release|x64.Build.0 = Release|x64
		{A9BCFF86-8804-4D43-8AC3-3E1EF6D4BF1B}.Release|x64.Deploy.0 = Release|x64
		{A9BCFF86-8804-4D43-8AC3-3E1EF6D4BF1B}.Release|x86.ActiveCfg = Release|x86
		{A9BCFF86-8804-4D43-8AC3-3E1EF6D4BF1B}.Release|x86.Build.0 = Release|x86
		{A9BCFF86-8804-4D43-8AC3-3E1EF6D4BF1B}.Release|x86.Deploy.0 = Release|x86
		{22C7809F-F3A1-4589-B301-D15451D61113}.Debug|Any CPU.ActiveCfg = Debug|Any CPU
		{22C7809F-F3A1-4589-B301-D15451D61113}.Debug|Any CPU.Build.0 = Debug|Any CPU
		{22C7809F-F3A1-4589-B301-D15451D61113}.Debug|ARM.ActiveCfg = Debug|ARM
		{22C7809F-F3A1-4589-B301-D15451D61113}.Debug|ARM.Build.0 = Debug|ARM
		{22C7809F-F3A1-4589-B301-D15451D61113}.Debug|x64.ActiveCfg = Debug|x64
		{22C7809F-F3A1-4589-B301-D15451D61113}.Debug|x64.Build.0 = Debug|x64
		{22C7809F-F3A1-4589-B301-D15451D61113}.Debug|x86.ActiveCfg = Debug|x86
		{22C7809F-F3A1-4589-B301-D15451D61113}.Debug|x86.Build.0 = Debug|x86
		{22C7809F-F3A1-4589-B301-D15451D61113}.Release|Any CPU.ActiveCfg = Release|Any CPU
		{22C7809F-F3A1-4589-B301-D15451D61113}.Release|Any CPU.Build.0 = Release|Any CPU
		{22C7809F-F3A1-4589-B301-D15451D61113}.Release|ARM.ActiveCfg = Release|ARM
		{22C7809F-F3A1-4589-B301-D15451D61113}.Release|ARM.Build.0 = Release|ARM
		{22C7809F-F3A1-4589-B301-D15451D61113}.Release|x64.ActiveCfg = Release|x64
		{22C7809F-F3A1-4589-B301-D15451D61113}.Release|x64.Build.0 = Release|x64
		{22C7809F-F3A1-4589-B301-D15451D61113}.Release|x86.ActiveCfg = Release|x86
		{22C7809F-F3A1-4589-B301-D15451D61113}.Release|x86.Build.0 = Release|x86
		{74047120-DBDC-4285-9065-4AAFD2154299}.Debug|Any CPU.ActiveCfg = Debug|Any CPU
		{74047120-DBDC-4285-9065-4AAFD2154299}.Debug|Any CPU.Build.0 = Debug|Any CPU
		{74047120-DBDC-4285-9065-4AAFD2154299}.Debug|ARM.ActiveCfg = Debug|ARM
		{74047120-DBDC-4285-9065-4AAFD2154299}.Debug|ARM.Build.0 = Debug|ARM
		{74047120-DBDC-4285-9065-4AAFD2154299}.Debug|x64.ActiveCfg = Debug|x64
		{74047120-DBDC-4285-9065-4AAFD2154299}.Debug|x64.Build.0 = Debug|x64
		{74047120-DBDC-4285-9065-4AAFD2154299}.Debug|x86.ActiveCfg = Debug|x86
		{74047120-DBDC-4285-9065-4AAFD2154299}.Debug|x86.Build.0 = Debug|x86
		{74047120-DBDC-4285-9065-4AAFD2154299}.Release|Any CPU.ActiveCfg = Release|Any CPU
		{74047120-DBDC-4285-9065-4AAFD2154299}.Release|Any CPU.Build.0 = Release|Any CPU
		{74047120-DBDC-4285-9065-4AAFD2154299}.Release|ARM.ActiveCfg = Release|ARM
		{74047120-DBDC-4285-9065-4AAFD2154299}.Release|ARM.Build.0 = Release|ARM
		{74047120-DBDC-4285-9065-4AAFD2154299}.Release|x64.ActiveCfg = Release|x64
		{74047120-DBDC-4285-9065-4AAFD2154299}.Release|x64.Build.0 = Release|x64
		{74047120-DBDC-4285-9065-4AAFD2154299}.Release|x86.ActiveCfg = Release|x86
		{74047120-DBDC-4285-9065-4AAFD2154299}.Release|x86.Build.0 = Release|x86
	EndGlobalSection
	GlobalSection(SolutionProperties) = preSolution
		HideSolutionNode = FALSE
	EndGlobalSection
EndGlobal
